// !$*UTF8*$!
{
	archiveVersion = 1;
	classes = {
	};
	objectVersion = 56;
	objects = {

/* Begin PBXBuildFile section */
		0F3A6D5A299BC88300BF4987 /* FruitsApp.swift in Sources */ = {isa = PBXBuildFile; fileRef = 0F3A6D59299BC88300BF4987 /* FruitsApp.swift */; };
		0F3A6D5C299BC88300BF4987 /* ContentView.swift in Sources */ = {isa = PBXBuildFile; fileRef = 0F3A6D5B299BC88300BF4987 /* ContentView.swift */; };
		0F3A6D5E299BC88400BF4987 /* Assets.xcassets in Resources */ = {isa = PBXBuildFile; fileRef = 0F3A6D5D299BC88400BF4987 /* Assets.xcassets */; };
		0F3A6D61299BC88400BF4987 /* Preview Assets.xcassets in Resources */ = {isa = PBXBuildFile; fileRef = 0F3A6D60299BC88400BF4987 /* Preview Assets.xcassets */; };
		0F3A6D6A299BC95A00BF4987 /* FruitCardView.swift in Sources */ = {isa = PBXBuildFile; fileRef = 0F3A6D69299BC95A00BF4987 /* FruitCardView.swift */; };
		0F3A6D6C299BE9C400BF4987 /* StartButtonView.swift in Sources */ = {isa = PBXBuildFile; fileRef = 0F3A6D6B299BE9C400BF4987 /* StartButtonView.swift */; };
		0F3A6D6E299BFA3A00BF4987 /* OnboardingView.swift in Sources */ = {isa = PBXBuildFile; fileRef = 0F3A6D6D299BFA3A00BF4987 /* OnboardingView.swift */; };
		0F3A6D71299BFEE400BF4987 /* FruitModel.swift in Sources */ = {isa = PBXBuildFile; fileRef = 0F3A6D70299BFEE400BF4987 /* FruitModel.swift */; };
		0F3A6D74299C011A00BF4987 /* FruitData.swift in Sources */ = {isa = PBXBuildFile; fileRef = 0F3A6D73299C011A00BF4987 /* FruitData.swift */; };
		0F3A6D76299D238900BF4987 /* FruitRowView.swift in Sources */ = {isa = PBXBuildFile; fileRef = 0F3A6D75299D238900BF4987 /* FruitRowView.swift */; };
		0F3A6D78299D33E200BF4987 /* FruitDetailView.swift in Sources */ = {isa = PBXBuildFile; fileRef = 0F3A6D77299D33E200BF4987 /* FruitDetailView.swift */; };
		0F3A6D7A299D3A4E00BF4987 /* FruitHeaderView.swift in Sources */ = {isa = PBXBuildFile; fileRef = 0F3A6D79299D3A4E00BF4987 /* FruitHeaderView.swift */; };
		0F3A6D7C299D3EC800BF4987 /* SourceLinkView.swift in Sources */ = {isa = PBXBuildFile; fileRef = 0F3A6D7B299D3EC800BF4987 /* SourceLinkView.swift */; };
		0F3A6D7E299D716A00BF4987 /* FruitNutritentsView.swift in Sources */ = {isa = PBXBuildFile; fileRef = 0F3A6D7D299D716A00BF4987 /* FruitNutritentsView.swift */; };
		0F3A6D80299EA64D00BF4987 /* SettingsView.swift in Sources */ = {isa = PBXBuildFile; fileRef = 0F3A6D7F299EA64D00BF4987 /* SettingsView.swift */; };
		0F3A6D82299FCA1E00BF4987 /* SettingsLabelView.swift in Sources */ = {isa = PBXBuildFile; fileRef = 0F3A6D81299FCA1E00BF4987 /* SettingsLabelView.swift */; };
		0F3A6D84299FE94400BF4987 /* SettingsRowView.swift in Sources */ = {isa = PBXBuildFile; fileRef = 0F3A6D83299FE94400BF4987 /* SettingsRowView.swift */; };
/* End PBXBuildFile section */

/* Begin PBXFileReference section */
		0F3A6D56299BC88300BF4987 /* Fruits.app */ = {isa = PBXFileReference; explicitFileType = wrapper.application; includeInIndex = 0; path = Fruits.app; sourceTree = BUILT_PRODUCTS_DIR; };
		0F3A6D59299BC88300BF4987 /* FruitsApp.swift */ = {isa = PBXFileReference; lastKnownFileType = sourcecode.swift; path = FruitsApp.swift; sourceTree = "<group>"; };
		0F3A6D5B299BC88300BF4987 /* ContentView.swift */ = {isa = PBXFileReference; lastKnownFileType = sourcecode.swift; path = ContentView.swift; sourceTree = "<group>"; };
		0F3A6D5D299BC88400BF4987 /* Assets.xcassets */ = {isa = PBXFileReference; lastKnownFileType = folder.assetcatalog; path = Assets.xcassets; sourceTree = "<group>"; };
		0F3A6D60299BC88400BF4987 /* Preview Assets.xcassets */ = {isa = PBXFileReference; lastKnownFileType = folder.assetcatalog; path = "Preview Assets.xcassets"; sourceTree = "<group>"; };
		0F3A6D69299BC95A00BF4987 /* FruitCardView.swift */ = {isa = PBXFileReference; lastKnownFileType = sourcecode.swift; path = FruitCardView.swift; sourceTree = "<group>"; };
		0F3A6D6B299BE9C400BF4987 /* StartButtonView.swift */ = {isa = PBXFileReference; lastKnownFileType = sourcecode.swift; path = StartButtonView.swift; sourceTree = "<group>"; };
		0F3A6D6D299BFA3A00BF4987 /* OnboardingView.swift */ = {isa = PBXFileReference; lastKnownFileType = sourcecode.swift; path = OnboardingView.swift; sourceTree = "<group>"; };
		0F3A6D70299BFEE400BF4987 /* FruitModel.swift */ = {isa = PBXFileReference; lastKnownFileType = sourcecode.swift; path = FruitModel.swift; sourceTree = "<group>"; };
		0F3A6D73299C011A00BF4987 /* FruitData.swift */ = {isa = PBXFileReference; lastKnownFileType = sourcecode.swift; path = FruitData.swift; sourceTree = "<group>"; };
		0F3A6D75299D238900BF4987 /* FruitRowView.swift */ = {isa = PBXFileReference; lastKnownFileType = sourcecode.swift; path = FruitRowView.swift; sourceTree = "<group>"; };
		0F3A6D77299D33E200BF4987 /* FruitDetailView.swift */ = {isa = PBXFileReference; lastKnownFileType = sourcecode.swift; path = FruitDetailView.swift; sourceTree = "<group>"; };
		0F3A6D79299D3A4E00BF4987 /* FruitHeaderView.swift */ = {isa = PBXFileReference; lastKnownFileType = sourcecode.swift; path = FruitHeaderView.swift; sourceTree = "<group>"; };
		0F3A6D7B299D3EC800BF4987 /* SourceLinkView.swift */ = {isa = PBXFileReference; lastKnownFileType = sourcecode.swift; path = SourceLinkView.swift; sourceTree = "<group>"; };
		0F3A6D7D299D716A00BF4987 /* FruitNutritentsView.swift */ = {isa = PBXFileReference; lastKnownFileType = sourcecode.swift; path = FruitNutritentsView.swift; sourceTree = "<group>"; };
		0F3A6D7F299EA64D00BF4987 /* SettingsView.swift */ = {isa = PBXFileReference; lastKnownFileType = sourcecode.swift; path = SettingsView.swift; sourceTree = "<group>"; };
		0F3A6D81299FCA1E00BF4987 /* SettingsLabelView.swift */ = {isa = PBXFileReference; lastKnownFileType = sourcecode.swift; path = SettingsLabelView.swift; sourceTree = "<group>"; };
		0F3A6D83299FE94400BF4987 /* SettingsRowView.swift */ = {isa = PBXFileReference; lastKnownFileType = sourcecode.swift; path = SettingsRowView.swift; sourceTree = "<group>"; };
/* End PBXFileReference section */

/* Begin PBXFrameworksBuildPhase section */
		0F3A6D53299BC88300BF4987 /* Frameworks */ = {
			isa = PBXFrameworksBuildPhase;
			buildActionMask = 2147483647;
			files = (
			);
			runOnlyForDeploymentPostprocessing = 0;
		};
/* End PBXFrameworksBuildPhase section */

/* Begin PBXGroup section */
		0F3A6D4D299BC88300BF4987 = {
			isa = PBXGroup;
			children = (
				0F3A6D58299BC88300BF4987 /* Fruits */,
				0F3A6D57299BC88300BF4987 /* Products */,
			);
			sourceTree = "<group>";
		};
		0F3A6D57299BC88300BF4987 /* Products */ = {
			isa = PBXGroup;
			children = (
				0F3A6D56299BC88300BF4987 /* Fruits.app */,
			);
			name = Products;
			sourceTree = "<group>";
		};
		0F3A6D58299BC88300BF4987 /* Fruits */ = {
			isa = PBXGroup;
			children = (
				0F3A6D68299BC8FD00BF4987 /* App */,
				0F3A6D67299BC8F400BF4987 /* View */,
				0F3A6D72299C00FB00BF4987 /* Data */,
				0F3A6D6F299BFECD00BF4987 /* Model */,
				0F3A6D5D299BC88400BF4987 /* Assets.xcassets */,
				0F3A6D5F299BC88400BF4987 /* Preview Content */,
			);
			path = Fruits;
			sourceTree = "<group>";
		};
		0F3A6D5F299BC88400BF4987 /* Preview Content */ = {
			isa = PBXGroup;
			children = (
				0F3A6D60299BC88400BF4987 /* Preview Assets.xcassets */,
			);
			path = "Preview Content";
			sourceTree = "<group>";
		};
		0F3A6D67299BC8F400BF4987 /* View */ = {
			isa = PBXGroup;
			children = (
				0F3A6D69299BC95A00BF4987 /* FruitCardView.swift */,
				0F3A6D6B299BE9C400BF4987 /* StartButtonView.swift */,
				0F3A6D75299D238900BF4987 /* FruitRowView.swift */,
				0F3A6D79299D3A4E00BF4987 /* FruitHeaderView.swift */,
				0F3A6D7B299D3EC800BF4987 /* SourceLinkView.swift */,
				0F3A6D7D299D716A00BF4987 /* FruitNutritentsView.swift */,
				0F3A6D81299FCA1E00BF4987 /* SettingsLabelView.swift */,
			);
			path = View;
			sourceTree = "<group>";
		};
		0F3A6D68299BC8FD00BF4987 /* App */ = {
			isa = PBXGroup;
			children = (
				0F3A6D59299BC88300BF4987 /* FruitsApp.swift */,
				0F3A6D6D299BFA3A00BF4987 /* OnboardingView.swift */,
				0F3A6D5B299BC88300BF4987 /* ContentView.swift */,
				0F3A6D77299D33E200BF4987 /* FruitDetailView.swift */,
				0F3A6D7F299EA64D00BF4987 /* SettingsView.swift */,
				0F3A6D83299FE94400BF4987 /* SettingsRowView.swift */,
			);
			path = App;
			sourceTree = "<group>";
		};
		0F3A6D6F299BFECD00BF4987 /* Model */ = {
			isa = PBXGroup;
			children = (
				0F3A6D70299BFEE400BF4987 /* FruitModel.swift */,
			);
			path = Model;
			sourceTree = "<group>";
		};
		0F3A6D72299C00FB00BF4987 /* Data */ = {
			isa = PBXGroup;
			children = (
				0F3A6D73299C011A00BF4987 /* FruitData.swift */,
			);
			path = Data;
			sourceTree = "<group>";
		};
/* End PBXGroup section */

/* Begin PBXNativeTarget section */
		0F3A6D55299BC88300BF4987 /* Fruits */ = {
			isa = PBXNativeTarget;
			buildConfigurationList = 0F3A6D64299BC88400BF4987 /* Build configuration list for PBXNativeTarget "Fruits" */;
			buildPhases = (
				0F3A6D52299BC88300BF4987 /* Sources */,
				0F3A6D53299BC88300BF4987 /* Frameworks */,
				0F3A6D54299BC88300BF4987 /* Resources */,
			);
			buildRules = (
			);
			dependencies = (
			);
			name = Fruits;
			productName = Fruits;
			productReference = 0F3A6D56299BC88300BF4987 /* Fruits.app */;
			productType = "com.apple.product-type.application";
		};
/* End PBXNativeTarget section */

/* Begin PBXProject section */
		0F3A6D4E299BC88300BF4987 /* Project object */ = {
			isa = PBXProject;
			attributes = {
				BuildIndependentTargetsInParallel = 1;
				LastSwiftUpdateCheck = 1420;
				LastUpgradeCheck = 1420;
				TargetAttributes = {
					0F3A6D55299BC88300BF4987 = {
						CreatedOnToolsVersion = 14.2;
					};
				};
			};
			buildConfigurationList = 0F3A6D51299BC88300BF4987 /* Build configuration list for PBXProject "Fruits" */;
			compatibilityVersion = "Xcode 14.0";
			developmentRegion = en;
			hasScannedForEncodings = 0;
			knownRegions = (
				en,
				Base,
			);
			mainGroup = 0F3A6D4D299BC88300BF4987;
			productRefGroup = 0F3A6D57299BC88300BF4987 /* Products */;
			projectDirPath = "";
			projectRoot = "";
			targets = (
				0F3A6D55299BC88300BF4987 /* Fruits */,
			);
		};
/* End PBXProject section */

/* Begin PBXResourcesBuildPhase section */
		0F3A6D54299BC88300BF4987 /* Resources */ = {
			isa = PBXResourcesBuildPhase;
			buildActionMask = 2147483647;
			files = (
				0F3A6D61299BC88400BF4987 /* Preview Assets.xcassets in Resources */,
				0F3A6D5E299BC88400BF4987 /* Assets.xcassets in Resources */,
			);
			runOnlyForDeploymentPostprocessing = 0;
		};
/* End PBXResourcesBuildPhase section */

/* Begin PBXSourcesBuildPhase section */
		0F3A6D52299BC88300BF4987 /* Sources */ = {
			isa = PBXSourcesBuildPhase;
			buildActionMask = 2147483647;
			files = (
				0F3A6D74299C011A00BF4987 /* FruitData.swift in Sources */,
				0F3A6D7E299D716A00BF4987 /* FruitNutritentsView.swift in Sources */,
				0F3A6D84299FE94400BF4987 /* SettingsRowView.swift in Sources */,
				0F3A6D7C299D3EC800BF4987 /* SourceLinkView.swift in Sources */,
				0F3A6D6A299BC95A00BF4987 /* FruitCardView.swift in Sources */,
				0F3A6D76299D238900BF4987 /* FruitRowView.swift in Sources */,
				0F3A6D6C299BE9C400BF4987 /* StartButtonView.swift in Sources */,
				0F3A6D78299D33E200BF4987 /* FruitDetailView.swift in Sources */,
				0F3A6D5C299BC88300BF4987 /* ContentView.swift in Sources */,
				0F3A6D7A299D3A4E00BF4987 /* FruitHeaderView.swift in Sources */,
				0F3A6D6E299BFA3A00BF4987 /* OnboardingView.swift in Sources */,
				0F3A6D82299FCA1E00BF4987 /* SettingsLabelView.swift in Sources */,
				0F3A6D71299BFEE400BF4987 /* FruitModel.swift in Sources */,
				0F3A6D5A299BC88300BF4987 /* FruitsApp.swift in Sources */,
				0F3A6D80299EA64D00BF4987 /* SettingsView.swift in Sources */,
			);
			runOnlyForDeploymentPostprocessing = 0;
		};
/* End PBXSourcesBuildPhase section */

/* Begin XCBuildConfiguration section */
		0F3A6D62299BC88400BF4987 /* Debug */ = {
			isa = XCBuildConfiguration;
			buildSettings = {
				ALWAYS_SEARCH_USER_PATHS = NO;
				CLANG_ANALYZER_NONNULL = YES;
				CLANG_ANALYZER_NUMBER_OBJECT_CONVERSION = YES_AGGRESSIVE;
				CLANG_CXX_LANGUAGE_STANDARD = "gnu++20";
				CLANG_ENABLE_MODULES = YES;
				CLANG_ENABLE_OBJC_ARC = YES;
				CLANG_ENABLE_OBJC_WEAK = YES;
				CLANG_WARN_BLOCK_CAPTURE_AUTORELEASING = YES;
				CLANG_WARN_BOOL_CONVERSION = YES;
				CLANG_WARN_COMMA = YES;
				CLANG_WARN_CONSTANT_CONVERSION = YES;
				CLANG_WARN_DEPRECATED_OBJC_IMPLEMENTATIONS = YES;
				CLANG_WARN_DIRECT_OBJC_ISA_USAGE = YES_ERROR;
				CLANG_WARN_DOCUMENTATION_COMMENTS = YES;
				CLANG_WARN_EMPTY_BODY = YES;
				CLANG_WARN_ENUM_CONVERSION = YES;
				CLANG_WARN_INFINITE_RECURSION = YES;
				CLANG_WARN_INT_CONVERSION = YES;
				CLANG_WARN_NON_LITERAL_NULL_CONVERSION = YES;
				CLANG_WARN_OBJC_IMPLICIT_RETAIN_SELF = YES;
				CLANG_WARN_OBJC_LITERAL_CONVERSION = YES;
				CLANG_WARN_OBJC_ROOT_CLASS = YES_ERROR;
				CLANG_WARN_QUOTED_INCLUDE_IN_FRAMEWORK_HEADER = YES;
				CLANG_WARN_RANGE_LOOP_ANALYSIS = YES;
				CLANG_WARN_STRICT_PROTOTYPES = YES;
				CLANG_WARN_SUSPICIOUS_MOVE = YES;
				CLANG_WARN_UNGUARDED_AVAILABILITY = YES_AGGRESSIVE;
				CLANG_WARN_UNREACHABLE_CODE = YES;
				CLANG_WARN__DUPLICATE_METHOD_MATCH = YES;
				COPY_PHASE_STRIP = NO;
				DEBUG_INFORMATION_FORMAT = dwarf;
				ENABLE_STRICT_OBJC_MSGSEND = YES;
				ENABLE_TESTABILITY = YES;
				GCC_C_LANGUAGE_STANDARD = gnu11;
				GCC_DYNAMIC_NO_PIC = NO;
				GCC_NO_COMMON_BLOCKS = YES;
				GCC_OPTIMIZATION_LEVEL = 0;
				GCC_PREPROCESSOR_DEFINITIONS = (
					"DEBUG=1",
					"$(inherited)",
				);
				GCC_WARN_64_TO_32_BIT_CONVERSION = YES;
				GCC_WARN_ABOUT_RETURN_TYPE = YES_ERROR;
				GCC_WARN_UNDECLARED_SELECTOR = YES;
				GCC_WARN_UNINITIALIZED_AUTOS = YES_AGGRESSIVE;
				GCC_WARN_UNUSED_FUNCTION = YES;
				GCC_WARN_UNUSED_VARIABLE = YES;
				IPHONEOS_DEPLOYMENT_TARGET = 16.2;
				MTL_ENABLE_DEBUG_INFO = INCLUDE_SOURCE;
				MTL_FAST_MATH = YES;
				ONLY_ACTIVE_ARCH = YES;
				SDKROOT = iphoneos;
				SWIFT_ACTIVE_COMPILATION_CONDITIONS = DEBUG;
				SWIFT_OPTIMIZATION_LEVEL = "-Onone";
			};
			name = Debug;
		};
		0F3A6D63299BC88400BF4987 /* Release */ = {
			isa = XCBuildConfiguration;
			buildSettings = {
				ALWAYS_SEARCH_USER_PATHS = NO;
				CLANG_ANALYZER_NONNULL = YES;
				CLANG_ANALYZER_NUMBER_OBJECT_CONVERSION = YES_AGGRESSIVE;
				CLANG_CXX_LANGUAGE_STANDARD = "gnu++20";
				CLANG_ENABLE_MODULES = YES;
				CLANG_ENABLE_OBJC_ARC = YES;
				CLANG_ENABLE_OBJC_WEAK = YES;
				CLANG_WARN_BLOCK_CAPTURE_AUTORELEASING = YES;
				CLANG_WARN_BOOL_CONVERSION = YES;
				CLANG_WARN_COMMA = YES;
				CLANG_WARN_CONSTANT_CONVERSION = YES;
				CLANG_WARN_DEPRECATED_OBJC_IMPLEMENTATIONS = YES;
				CLANG_WARN_DIRECT_OBJC_ISA_USAGE = YES_ERROR;
				CLANG_WARN_DOCUMENTATION_COMMENTS = YES;
				CLANG_WARN_EMPTY_BODY = YES;
				CLANG_WARN_ENUM_CONVERSION = YES;
				CLANG_WARN_INFINITE_RECURSION = YES;
				CLANG_WARN_INT_CONVERSION = YES;
				CLANG_WARN_NON_LITERAL_NULL_CONVERSION = YES;
				CLANG_WARN_OBJC_IMPLICIT_RETAIN_SELF = YES;
				CLANG_WARN_OBJC_LITERAL_CONVERSION = YES;
				CLANG_WARN_OBJC_ROOT_CLASS = YES_ERROR;
				CLANG_WARN_QUOTED_INCLUDE_IN_FRAMEWORK_HEADER = YES;
				CLANG_WARN_RANGE_LOOP_ANALYSIS = YES;
				CLANG_WARN_STRICT_PROTOTYPES = YES;
				CLANG_WARN_SUSPICIOUS_MOVE = YES;
				CLANG_WARN_UNGUARDED_AVAILABILITY = YES_AGGRESSIVE;
				CLANG_WARN_UNREACHABLE_CODE = YES;
				CLANG_WARN__DUPLICATE_METHOD_MATCH = YES;
				COPY_PHASE_STRIP = NO;
				DEBUG_INFORMATION_FORMAT = "dwarf-with-dsym";
				ENABLE_NS_ASSERTIONS = NO;
				ENABLE_STRICT_OBJC_MSGSEND = YES;
				GCC_C_LANGUAGE_STANDARD = gnu11;
				GCC_NO_COMMON_BLOCKS = YES;
				GCC_WARN_64_TO_32_BIT_CONVERSION = YES;
				GCC_WARN_ABOUT_RETURN_TYPE = YES_ERROR;
				GCC_WARN_UNDECLARED_SELECTOR = YES;
				GCC_WARN_UNINITIALIZED_AUTOS = YES_AGGRESSIVE;
				GCC_WARN_UNUSED_FUNCTION = YES;
				GCC_WARN_UNUSED_VARIABLE = YES;
				IPHONEOS_DEPLOYMENT_TARGET = 16.2;
				MTL_ENABLE_DEBUG_INFO = NO;
				MTL_FAST_MATH = YES;
				SDKROOT = iphoneos;
				SWIFT_COMPILATION_MODE = wholemodule;
				SWIFT_OPTIMIZATION_LEVEL = "-O";
				VALIDATE_PRODUCT = YES;
			};
			name = Release;
		};
		0F3A6D65299BC88400BF4987 /* Debug */ = {
			isa = XCBuildConfiguration;
			buildSettings = {
				ASSETCATALOG_COMPILER_APPICON_NAME = AppIcon;
				ASSETCATALOG_COMPILER_GLOBAL_ACCENT_COLOR_NAME = AccentColor;
				CODE_SIGN_STYLE = Automatic;
				CURRENT_PROJECT_VERSION = 1;
				DEVELOPMENT_ASSET_PATHS = "\"Fruits/Preview Content\"";
				DEVELOPMENT_TEAM = CZB6KCVD66;
				ENABLE_PREVIEWS = YES;
				GENERATE_INFOPLIST_FILE = YES;
				INFOPLIST_KEY_UIApplicationSceneManifest_Generation = YES;
				INFOPLIST_KEY_UIApplicationSupportsIndirectInputEvents = YES;
				INFOPLIST_KEY_UILaunchScreen_Generation = YES;
				INFOPLIST_KEY_UISupportedInterfaceOrientations_iPad = "UIInterfaceOrientationPortrait UIInterfaceOrientationPortraitUpsideDown UIInterfaceOrientationLandscapeLeft UIInterfaceOrientationLandscapeRight";
				INFOPLIST_KEY_UISupportedInterfaceOrientations_iPhone = "UIInterfaceOrientationPortrait UIInterfaceOrientationLandscapeLeft UIInterfaceOrientationLandscapeRight";
				LD_RUNPATH_SEARCH_PATHS = (
					"$(inherited)",
					"@executable_path/Frameworks",
				);
				MARKETING_VERSION = 1.0;
				PRODUCT_BUNDLE_IDENTIFIER = com.Mariam.Fruits;
				PRODUCT_NAME = "$(TARGET_NAME)";
				SWIFT_EMIT_LOC_STRINGS = YES;
				SWIFT_VERSION = 5.0;
				TARGETED_DEVICE_FAMILY = "1,2";
			};
			name = Debug;
		};
		0F3A6D66299BC88400BF4987 /* Release */ = {
			isa = XCBuildConfiguration;
			buildSettings = {
				ASSETCATALOG_COMPILER_APPICON_NAME = AppIcon;
				ASSETCATALOG_COMPILER_GLOBAL_ACCENT_COLOR_NAME = AccentColor;
				CODE_SIGN_STYLE = Automatic;
				CURRENT_PROJECT_VERSION = 1;
				DEVELOPMENT_ASSET_PATHS = "\"Fruits/Preview Content\"";
				DEVELOPMENT_TEAM = CZB6KCVD66;
				ENABLE_PREVIEWS = YES;
				GENERATE_INFOPLIST_FILE = YES;
				INFOPLIST_KEY_UIApplicationSceneManifest_Generation = YES;
				INFOPLIST_KEY_UIApplicationSupportsIndirectInputEvents = YES;
				INFOPLIST_KEY_UILaunchScreen_Generation = YES;
				INFOPLIST_KEY_UISupportedInterfaceOrientations_iPad = "UIInterfaceOrientationPortrait UIInterfaceOrientationPortraitUpsideDown UIInterfaceOrientationLandscapeLeft UIInterfaceOrientationLandscapeRight";
				INFOPLIST_KEY_UISupportedInterfaceOrientations_iPhone = "UIInterfaceOrientationPortrait UIInterfaceOrientationLandscapeLeft UIInterfaceOrientationLandscapeRight";
				LD_RUNPATH_SEARCH_PATHS = (
					"$(inherited)",
					"@executable_path/Frameworks",
				);
				MARKETING_VERSION = 1.0;
				PRODUCT_BUNDLE_IDENTIFIER = com.Mariam.Fruits;
				PRODUCT_NAME = "$(TARGET_NAME)";
				SWIFT_EMIT_LOC_STRINGS = YES;
				SWIFT_VERSION = 5.0;
				TARGETED_DEVICE_FAMILY = "1,2";
			};
			name = Release;
		};
/* End XCBuildConfiguration section */

/* Begin XCConfigurationList section */
		0F3A6D51299BC88300BF4987 /* Build configuration list for PBXProject "Fruits" */ = {
			isa = XCConfigurationList;
			buildConfigurations = (
				0F3A6D62299BC88400BF4987 /* Debug */,
				0F3A6D63299BC88400BF4987 /* Release */,
			);
			defaultConfigurationIsVisible = 0;
			defaultConfigurationName = Release;
		};
		0F3A6D64299BC88400BF4987 /* Build configuration list for PBXNativeTarget "Fruits" */ = {
			isa = XCConfigurationList;
			buildConfigurations = (
				0F3A6D65299BC88400BF4987 /* Debug */,
				0F3A6D66299BC88400BF4987 /* Release */,
			);
			defaultConfigurationIsVisible = 0;
			defaultConfigurationName = Release;
		};
/* End XCConfigurationList section */
	};
	rootObject = 0F3A6D4E299BC88300BF4987 /* Project object */;
}
